// !$*UTF8*$!
{
	archiveVersion = 1;
	classes = {
	};
	objectVersion = 50;
	objects = {

/* Begin PBXBuildFile section */
		40995F82272E9F1A000C9868 /* AppDelegate.swift in Sources */ = {isa = PBXBuildFile; fileRef = 40995F81272E9F1A000C9868 /* AppDelegate.swift */; };
		40995F84272E9F1A000C9868 /* SceneDelegate.swift in Sources */ = {isa = PBXBuildFile; fileRef = 40995F83272E9F1A000C9868 /* SceneDelegate.swift */; };
		40995F86272E9F1A000C9868 /* ViewController.swift in Sources */ = {isa = PBXBuildFile; fileRef = 40995F85272E9F1A000C9868 /* ViewController.swift */; };
		40995F89272E9F1A000C9868 /* Main.storyboard in Resources */ = {isa = PBXBuildFile; fileRef = 40995F87272E9F1A000C9868 /* Main.storyboard */; };
		40995F8C272E9F1A000C9868 /* CP1.xcdatamodeld in Sources */ = {isa = PBXBuildFile; fileRef = 40995F8A272E9F1A000C9868 /* CP1.xcdatamodeld */; };
		40995F8E272E9F1B000C9868 /* Assets.xcassets in Resources */ = {isa = PBXBuildFile; fileRef = 40995F8D272E9F1B000C9868 /* Assets.xcassets */; };
		40995F91272E9F1B000C9868 /* LaunchScreen.storyboard in Resources */ = {isa = PBXBuildFile; fileRef = 40995F8F272E9F1B000C9868 /* LaunchScreen.storyboard */; };
		40995F9C272E9F1B000C9868 /* CP1Tests.swift in Sources */ = {isa = PBXBuildFile; fileRef = 40995F9B272E9F1B000C9868 /* CP1Tests.swift */; };
		40995FA7272E9F1B000C9868 /* CP1UITests.swift in Sources */ = {isa = PBXBuildFile; fileRef = 40995FA6272E9F1B000C9868 /* CP1UITests.swift */; };
/* End PBXBuildFile section */

/* Begin PBXContainerItemProxy section */
		40995F98272E9F1B000C9868 /* PBXContainerItemProxy */ = {
			isa = PBXContainerItemProxy;
			containerPortal = 40995F76272E9F1A000C9868 /* Project object */;
			proxyType = 1;
			remoteGlobalIDString = 40995F7D272E9F1A000C9868;
			remoteInfo = CP1;
		};
		40995FA3272E9F1B000C9868 /* PBXContainerItemProxy */ = {
			isa = PBXContainerItemProxy;
			containerPortal = 40995F76272E9F1A000C9868 /* Project object */;
			proxyType = 1;
			remoteGlobalIDString = 40995F7D272E9F1A000C9868;
			remoteInfo = CP1;
		};
/* End PBXContainerItemProxy section */

/* Begin PBXFileReference section */
		40995F7E272E9F1A000C9868 /* CP1.app */ = {isa = PBXFileReference; explicitFileType = wrapper.application; includeInIndex = 0; path = CP1.app; sourceTree = BUILT_PRODUCTS_DIR; };
		40995F81272E9F1A000C9868 /* AppDelegate.swift */ = {isa = PBXFileReference; lastKnownFileType = sourcecode.swift; path = AppDelegate.swift; sourceTree = "<group>"; };
		40995F83272E9F1A000C9868 /* SceneDelegate.swift */ = {isa = PBXFileReference; lastKnownFileType = sourcecode.swift; path = SceneDelegate.swift; sourceTree = "<group>"; };
		40995F85272E9F1A000C9868 /* ViewController.swift */ = {isa = PBXFileReference; lastKnownFileType = sourcecode.swift; path = ViewController.swift; sourceTree = "<group>"; };
		40995F88272E9F1A000C9868 /* Base */ = {isa = PBXFileReference; lastKnownFileType = file.storyboard; name = Base; path = Base.lproj/Main.storyboard; sourceTree = "<group>"; };
		40995F8B272E9F1A000C9868 /* CP1.xcdatamodel */ = {isa = PBXFileReference; lastKnownFileType = wrapper.xcdatamodel; path = CP1.xcdatamodel; sourceTree = "<group>"; };
		40995F8D272E9F1B000C9868 /* Assets.xcassets */ = {isa = PBXFileReference; lastKnownFileType = folder.assetcatalog; path = Assets.xcassets; sourceTree = "<group>"; };
		40995F90272E9F1B000C9868 /* Base */ = {isa = PBXFileReference; lastKnownFileType = file.storyboard; name = Base; path = Base.lproj/LaunchScreen.storyboard; sourceTree = "<group>"; };
		40995F92272E9F1B000C9868 /* Info.plist */ = {isa = PBXFileReference; lastKnownFileType = text.plist.xml; path = Info.plist; sourceTree = "<group>"; };
		40995F97272E9F1B000C9868 /* CP1Tests.xctest */ = {isa = PBXFileReference; explicitFileType = wrapper.cfbundle; includeInIndex = 0; path = CP1Tests.xctest; sourceTree = BUILT_PRODUCTS_DIR; };
		40995F9B272E9F1B000C9868 /* CP1Tests.swift */ = {isa = PBXFileReference; lastKnownFileType = sourcecode.swift; path = CP1Tests.swift; sourceTree = "<group>"; };
		40995F9D272E9F1B000C9868 /* Info.plist */ = {isa = PBXFileReference; lastKnownFileType = text.plist.xml; path = Info.plist; sourceTree = "<group>"; };
		40995FA2272E9F1B000C9868 /* CP1UITests.xctest */ = {isa = PBXFileReference; explicitFileType = wrapper.cfbundle; includeInIndex = 0; path = CP1UITests.xctest; sourceTree = BUILT_PRODUCTS_DIR; };
		40995FA6272E9F1B000C9868 /* CP1UITests.swift */ = {isa = PBXFileReference; lastKnownFileType = sourcecode.swift; path = CP1UITests.swift; sourceTree = "<group>"; };
		40995FA8272E9F1B000C9868 /* Info.plist */ = {isa = PBXFileReference; lastKnownFileType = text.plist.xml; path = Info.plist; sourceTree = "<group>"; };
/* End PBXFileReference section */

/* Begin PBXFrameworksBuildPhase section */
		40995F7B272E9F1A000C9868 /* Frameworks */ = {
			isa = PBXFrameworksBuildPhase;
			buildActionMask = 2147483647;
			files = (
			);
			runOnlyForDeploymentPostprocessing = 0;
		};
		40995F94272E9F1B000C9868 /* Frameworks */ = {
			isa = PBXFrameworksBuildPhase;
			buildActionMask = 2147483647;
			files = (
			);
			runOnlyForDeploymentPostprocessing = 0;
		};
		40995F9F272E9F1B000C9868 /* Frameworks */ = {
			isa = PBXFrameworksBuildPhase;
			buildActionMask = 2147483647;
			files = (
			);
			runOnlyForDeploymentPostprocessing = 0;
		};
/* End PBXFrameworksBuildPhase section */

/* Begin PBXGroup section */
		40995F75272E9F1A000C9868 = {
			isa = PBXGroup;
			children = (
				40995F80272E9F1A000C9868 /* CP1 */,
				40995F9A272E9F1B000C9868 /* CP1Tests */,
				40995FA5272E9F1B000C9868 /* CP1UITests */,
				40995F7F272E9F1A000C9868 /* Products */,
			);
			sourceTree = "<group>";
		};
		40995F7F272E9F1A000C9868 /* Products */ = {
			isa = PBXGroup;
			children = (
				40995F7E272E9F1A000C9868 /* CP1.app */,
				40995F97272E9F1B000C9868 /* CP1Tests.xctest */,
				40995FA2272E9F1B000C9868 /* CP1UITests.xctest */,
			);
			name = Products;
			sourceTree = "<group>";
		};
		40995F80272E9F1A000C9868 /* CP1 */ = {
			isa = PBXGroup;
			children = (
				40995F81272E9F1A000C9868 /* AppDelegate.swift */,
				40995F83272E9F1A000C9868 /* SceneDelegate.swift */,
				40995F85272E9F1A000C9868 /* ViewController.swift */,
				40995F87272E9F1A000C9868 /* Main.storyboard */,
				40995F8D272E9F1B000C9868 /* Assets.xcassets */,
				40995F8F272E9F1B000C9868 /* LaunchScreen.storyboard */,
				40995F92272E9F1B000C9868 /* Info.plist */,
				40995F8A272E9F1A000C9868 /* CP1.xcdatamodeld */,
			);
			path = CP1;
			sourceTree = "<group>";
		};
		40995F9A272E9F1B000C9868 /* CP1Tests */ = {
			isa = PBXGroup;
			children = (
				40995F9B272E9F1B000C9868 /* CP1Tests.swift */,
				40995F9D272E9F1B000C9868 /* Info.plist */,
			);
			path = CP1Tests;
			sourceTree = "<group>";
		};
		40995FA5272E9F1B000C9868 /* CP1UITests */ = {
			isa = PBXGroup;
			children = (
				40995FA6272E9F1B000C9868 /* CP1UITests.swift */,
				40995FA8272E9F1B000C9868 /* Info.plist */,
			);
			path = CP1UITests;
			sourceTree = "<group>";
		};
/* End PBXGroup section */

/* Begin PBXNativeTarget section */
		40995F7D272E9F1A000C9868 /* CP1 */ = {
			isa = PBXNativeTarget;
			buildConfigurationList = 40995FAB272E9F1B000C9868 /* Build configuration list for PBXNativeTarget "CP1" */;
			buildPhases = (
				40995F7A272E9F1A000C9868 /* Sources */,
				40995F7B272E9F1A000C9868 /* Frameworks */,
				40995F7C272E9F1A000C9868 /* Resources */,
			);
			buildRules = (
			);
			dependencies = (
			);
			name = CP1;
			productName = CP1;
			productReference = 40995F7E272E9F1A000C9868 /* CP1.app */;
			productType = "com.apple.product-type.application";
		};
		40995F96272E9F1B000C9868 /* CP1Tests */ = {
			isa = PBXNativeTarget;
			buildConfigurationList = 40995FAE272E9F1B000C9868 /* Build configuration list for PBXNativeTarget "CP1Tests" */;
			buildPhases = (
				40995F93272E9F1B000C9868 /* Sources */,
				40995F94272E9F1B000C9868 /* Frameworks */,
				40995F95272E9F1B000C9868 /* Resources */,
			);
			buildRules = (
			);
			dependencies = (
				40995F99272E9F1B000C9868 /* PBXTargetDependency */,
			);
			name = CP1Tests;
			productName = CP1Tests;
			productReference = 40995F97272E9F1B000C9868 /* CP1Tests.xctest */;
			productType = "com.apple.product-type.bundle.unit-test";
		};
		40995FA1272E9F1B000C9868 /* CP1UITests */ = {
			isa = PBXNativeTarget;
			buildConfigurationList = 40995FB1272E9F1B000C9868 /* Build configuration list for PBXNativeTarget "CP1UITests" */;
			buildPhases = (
				40995F9E272E9F1B000C9868 /* Sources */,
				40995F9F272E9F1B000C9868 /* Frameworks */,
				40995FA0272E9F1B000C9868 /* Resources */,
			);
			buildRules = (
			);
			dependencies = (
				40995FA4272E9F1B000C9868 /* PBXTargetDependency */,
			);
			name = CP1UITests;
			productName = CP1UITests;
			productReference = 40995FA2272E9F1B000C9868 /* CP1UITests.xctest */;
			productType = "com.apple.product-type.bundle.ui-testing";
		};
/* End PBXNativeTarget section */

/* Begin PBXProject section */
		40995F76272E9F1A000C9868 /* Project object */ = {
			isa = PBXProject;
			attributes = {
				LastSwiftUpdateCheck = 1120;
				LastUpgradeCheck = 1120;
				ORGANIZATIONNAME = kuet;
				TargetAttributes = {
					40995F7D272E9F1A000C9868 = {
						CreatedOnToolsVersion = 11.2.1;
					};
					40995F96272E9F1B000C9868 = {
						CreatedOnToolsVersion = 11.2.1;
						TestTargetID = 40995F7D272E9F1A000C9868;
					};
					40995FA1272E9F1B000C9868 = {
						CreatedOnToolsVersion = 11.2.1;
						TestTargetID = 40995F7D272E9F1A000C9868;
					};
				};
			};
			buildConfigurationList = 40995F79272E9F1A000C9868 /* Build configuration list for PBXProject "CP1" */;
			compatibilityVersion = "Xcode 9.3";
			developmentRegion = en;
			hasScannedForEncodings = 0;
			knownRegions = (
				en,
				Base,
			);
			mainGroup = 40995F75272E9F1A000C9868;
			productRefGroup = 40995F7F272E9F1A000C9868 /* Products */;
			projectDirPath = "";
			projectRoot = "";
			targets = (
				40995F7D272E9F1A000C9868 /* CP1 */,
				40995F96272E9F1B000C9868 /* CP1Tests */,
				40995FA1272E9F1B000C9868 /* CP1UITests */,
			);
		};
/* End PBXProject section */

/* Begin PBXResourcesBuildPhase section */
		40995F7C272E9F1A000C9868 /* Resources */ = {
			isa = PBXResourcesBuildPhase;
			buildActionMask = 2147483647;
			files = (
				40995F91272E9F1B000C9868 /* LaunchScreen.storyboard in Resources */,
				40995F8E272E9F1B000C9868 /* Assets.xcassets in Resources */,
				40995F89272E9F1A000C9868 /* Main.storyboard in Resources */,
			);
			runOnlyForDeploymentPostprocessing = 0;
		};
		40995F95272E9F1B000C9868 /* Resources */ = {
			isa = PBXResourcesBuildPhase;
			buildActionMask = 2147483647;
			files = (
			);
			runOnlyForDeploymentPostprocessing = 0;
		};
		40995FA0272E9F1B000C9868 /* Resources */ = {
			isa = PBXResourcesBuildPhase;
			buildActionMask = 2147483647;
			files = (
			);
			runOnlyForDeploymentPostprocessing = 0;
		};
/* End PBXResourcesBuildPhase section */

/* Begin PBXSourcesBuildPhase section */
		40995F7A272E9F1A000C9868 /* Sources */ = {
			isa = PBXSourcesBuildPhase;
			buildActionMask = 2147483647;
			files = (
				40995F8C272E9F1A000C9868 /* CP1.xcdatamodeld in Sources */,
				40995F86272E9F1A000C9868 /* ViewController.swift in Sources */,
				40995F82272E9F1A000C9868 /* AppDelegate.swift in Sources */,
				40995F84272E9F1A000C9868 /* SceneDelegate.swift in Sources */,
			);
			runOnlyForDeploymentPostprocessing = 0;
		};
		40995F93272E9F1B000C9868 /* Sources */ = {
			isa = PBXSourcesBuildPhase;
			buildActionMask = 2147483647;
			files = (
				40995F9C272E9F1B000C9868 /* CP1Tests.swift in Sources */,
			);
			runOnlyForDeploymentPostprocessing = 0;
		};
		40995F9E272E9F1B000C9868 /* Sources */ = {
			isa = PBXSourcesBuildPhase;
			buildActionMask = 2147483647;
			files = (
				40995FA7272E9F1B000C9868 /* CP1UITests.swift in Sources */,
			);
			runOnlyForDeploymentPostprocessing = 0;
		};
/* End PBXSourcesBuildPhase section */

/* Begin PBXTargetDependency section */
		40995F99272E9F1B000C9868 /* PBXTargetDependency */ = {
			isa = PBXTargetDependency;
			target = 40995F7D272E9F1A000C9868 /* CP1 */;
			targetProxy = 40995F98272E9F1B000C9868 /* PBXContainerItemProxy */;
		};
		40995FA4272E9F1B000C9868 /* PBXTargetDependency */ = {
			isa = PBXTargetDependency;
			target = 40995F7D272E9F1A000C9868 /* CP1 */;
			targetProxy = 40995FA3272E9F1B000C9868 /* PBXContainerItemProxy */;
		};
/* End PBXTargetDependency section */

/* Begin PBXVariantGroup section */
		40995F87272E9F1A000C9868 /* Main.storyboard */ = {
			isa = PBXVariantGroup;
			children = (
				40995F88272E9F1A000C9868 /* Base */,
			);
			name = Main.storyboard;
			sourceTree = "<group>";
		};
		40995F8F272E9F1B000C9868 /* LaunchScreen.storyboard */ = {
			isa = PBXVariantGroup;
			children = (
				40995F90272E9F1B000C9868 /* Base */,
			);
			name = LaunchScreen.storyboard;
			sourceTree = "<group>";
		};
/* End PBXVariantGroup section */

/* Begin XCBuildConfiguration section */
		40995FA9272E9F1B000C9868 /* Debug */ = {
			isa = XCBuildConfiguration;
			buildSettings = {
				ALWAYS_SEARCH_USER_PATHS = NO;
				CLANG_ANALYZER_NONNULL = YES;
				CLANG_ANALYZER_NUMBER_OBJECT_CONVERSION = YES_AGGRESSIVE;
				CLANG_CXX_LANGUAGE_STANDARD = "gnu++14";
				CLANG_CXX_LIBRARY = "libc++";
				CLANG_ENABLE_MODULES = YES;
				CLANG_ENABLE_OBJC_ARC = YES;
				CLANG_ENABLE_OBJC_WEAK = YES;
				CLANG_WARN_BLOCK_CAPTURE_AUTORELEASING = YES;
				CLANG_WARN_BOOL_CONVERSION = YES;
				CLANG_WARN_COMMA = YES;
				CLANG_WARN_CONSTANT_CONVERSION = YES;
				CLANG_WARN_DEPRECATED_OBJC_IMPLEMENTATIONS = YES;
				CLANG_WARN_DIRECT_OBJC_ISA_USAGE = YES_ERROR;
				CLANG_WARN_DOCUMENTATION_COMMENTS = YES;
				CLANG_WARN_EMPTY_BODY = YES;
				CLANG_WARN_ENUM_CONVERSION = YES;
				CLANG_WARN_INFINITE_RECURSION = YES;
				CLANG_WARN_INT_CONVERSION = YES;
				CLANG_WARN_NON_LITERAL_NULL_CONVERSION = YES;
				CLANG_WARN_OBJC_IMPLICIT_RETAIN_SELF = YES;
				CLANG_WARN_OBJC_LITERAL_CONVERSION = YES;
				CLANG_WARN_OBJC_ROOT_CLASS = YES_ERROR;
				CLANG_WARN_RANGE_LOOP_ANALYSIS = YES;
				CLANG_WARN_STRICT_PROTOTYPES = YES;
				CLANG_WARN_SUSPICIOUS_MOVE = YES;
				CLANG_WARN_UNGUARDED_AVAILABILITY = YES_AGGRESSIVE;
				CLANG_WARN_UNREACHABLE_CODE = YES;
				CLANG_WARN__DUPLICATE_METHOD_MATCH = YES;
				COPY_PHASE_STRIP = NO;
				DEBUG_INFORMATION_FORMAT = dwarf;
				ENABLE_STRICT_OBJC_MSGSEND = YES;
				ENABLE_TESTABILITY = YES;
				GCC_C_LANGUAGE_STANDARD = gnu11;
				GCC_DYNAMIC_NO_PIC = NO;
				GCC_NO_COMMON_BLOCKS = YES;
				GCC_OPTIMIZATION_LEVEL = 0;
				GCC_PREPROCESSOR_DEFINITIONS = (
					"DEBUG=1",
					"$(inherited)",
				);
				GCC_WARN_64_TO_32_BIT_CONVERSION = YES;
				GCC_WARN_ABOUT_RETURN_TYPE = YES_ERROR;
				GCC_WARN_UNDECLARED_SELECTOR = YES;
				GCC_WARN_UNINITIALIZED_AUTOS = YES_AGGRESSIVE;
				GCC_WARN_UNUSED_FUNCTION = YES;
				GCC_WARN_UNUSED_VARIABLE = YES;
				IPHONEOS_DEPLOYMENT_TARGET = 13.2;
				MTL_ENABLE_DEBUG_INFO = INCLUDE_SOURCE;
				MTL_FAST_MATH = YES;
				ONLY_ACTIVE_ARCH = YES;
				SDKROOT = iphoneos;
				SWIFT_ACTIVE_COMPILATION_CONDITIONS = DEBUG;
				SWIFT_OPTIMIZATION_LEVEL = "-Onone";
			};
			name = Debug;
		};
		40995FAA272E9F1B000C9868 /* Release */ = {
			isa = XCBuildConfiguration;
			buildSettings = {
				ALWAYS_SEARCH_USER_PATHS = NO;
				CLANG_ANALYZER_NONNULL = YES;
				CLANG_ANALYZER_NUMBER_OBJECT_CONVERSION = YES_AGGRESSIVE;
				CLANG_CXX_LANGUAGE_STANDARD = "gnu++14";
				CLANG_CXX_LIBRARY = "libc++";
				CLANG_ENABLE_MODULES = YES;
				CLANG_ENABLE_OBJC_ARC = YES;
				CLANG_ENABLE_OBJC_WEAK = YES;
				CLANG_WARN_BLOCK_CAPTURE_AUTORELEASING = YES;
				CLANG_WARN_BOOL_CONVERSION = YES;
				CLANG_WARN_COMMA = YES;
				CLANG_WARN_CONSTANT_CONVERSION = YES;
				CLANG_WARN_DEPRECATED_OBJC_IMPLEMENTATIONS = YES;
				CLANG_WARN_DIRECT_OBJC_ISA_USAGE = YES_ERROR;
				CLANG_WARN_DOCUMENTATION_COMMENTS = YES;
				CLANG_WARN_EMPTY_BODY = YES;
				CLANG_WARN_ENUM_CONVERSION = YES;
				CLANG_WARN_INFINITE_RECURSION = YES;
				CLANG_WARN_INT_CONVERSION = YES;
				CLANG_WARN_NON_LITERAL_NULL_CONVERSION = YES;
				CLANG_WARN_OBJC_IMPLICIT_RETAIN_SELF = YES;
				CLANG_WARN_OBJC_LITERAL_CONVERSION = YES;
				CLANG_WARN_OBJC_ROOT_CLASS = YES_ERROR;
				CLANG_WARN_RANGE_LOOP_ANALYSIS = YES;
				CLANG_WARN_STRICT_PROTOTYPES = YES;
				CLANG_WARN_SUSPICIOUS_MOVE = YES;
				CLANG_WARN_UNGUARDED_AVAILABILITY = YES_AGGRESSIVE;
				CLANG_WARN_UNREACHABLE_CODE = YES;
				CLANG_WARN__DUPLICATE_METHOD_MATCH = YES;
				COPY_PHASE_STRIP = NO;
				DEBUG_INFORMATION_FORMAT = "dwarf-with-dsym";
				ENABLE_NS_ASSERTIONS = NO;
				ENABLE_STRICT_OBJC_MSGSEND = YES;
				GCC_C_LANGUAGE_STANDARD = gnu11;
				GCC_NO_COMMON_BLOCKS = YES;
				GCC_WARN_64_TO_32_BIT_CONVERSION = YES;
				GCC_WARN_ABOUT_RETURN_TYPE = YES_ERROR;
				GCC_WARN_UNDECLARED_SELECTOR = YES;
				GCC_WARN_UNINITIALIZED_AUTOS = YES_AGGRESSIVE;
				GCC_WARN_UNUSED_FUNCTION = YES;
				GCC_WARN_UNUSED_VARIABLE = YES;
				IPHONEOS_DEPLOYMENT_TARGET = 13.2;
				MTL_ENABLE_DEBUG_INFO = NO;
				MTL_FAST_MATH = YES;
				SDKROOT = iphoneos;
				SWIFT_COMPILATION_MODE = wholemodule;
				SWIFT_OPTIMIZATION_LEVEL = "-O";
				VALIDATE_PRODUCT = YES;
			};
			name = Release;
		};
		40995FAC272E9F1B000C9868 /* Debug */ = {
			isa = XCBuildConfiguration;
			buildSettings = {
				ASSETCATALOG_COMPILER_APPICON_NAME = AppIcon;
				CODE_SIGN_STYLE = Automatic;
				INFOPLIST_FILE = CP1/Info.plist;
				LD_RUNPATH_SEARCH_PATHS = (
					"$(inherited)",
					"@executable_path/Frameworks",
				);
				PRODUCT_BUNDLE_IDENTIFIER = business.CP1;
				PRODUCT_NAME = "$(TARGET_NAME)";
				SWIFT_VERSION = 5.0;
				TARGETED_DEVICE_FAMILY = "1,2";
			};
			name = Debug;
		};
		40995FAD272E9F1B000C9868 /* Release */ = {
			isa = XCBuildConfiguration;
			buildSettings = {
				ASSETCATALOG_COMPILER_APPICON_NAME = AppIcon;
				CODE_SIGN_STYLE = Automatic;
				INFOPLIST_FILE = CP1/Info.plist;
				LD_RUNPATH_SEARCH_PATHS = (
					"$(inherited)",
					"@executable_path/Frameworks",
				);
				PRODUCT_BUNDLE_IDENTIFIER = business.CP1;
				PRODUCT_NAME = "$(TARGET_NAME)";
				SWIFT_VERSION = 5.0;
				TARGETED_DEVICE_FAMILY = "1,2";
			};
			name = Release;
		};
		40995FAF272E9F1B000C9868 /* Debug */ = {
			isa = XCBuildConfiguration;
			buildSettings = {
				ALWAYS_EMBED_SWIFT_STANDARD_LIBRARIES = YES;
				BUNDLE_LOADER = "$(TEST_HOST)";
				CODE_SIGN_STYLE = Automatic;
				INFOPLIST_FILE = CP1Tests/Info.plist;
				IPHONEOS_DEPLOYMENT_TARGET = 13.2;
				LD_RUNPATH_SEARCH_PATHS = (
					"$(inherited)",
					"@executable_path/Frameworks",
					"@loader_path/Frameworks",
				);
				PRODUCT_BUNDLE_IDENTIFIER = business.CP1Tests;
				PRODUCT_NAME = "$(TARGET_NAME)";
				SWIFT_VERSION = 5.0;
				TARGETED_DEVICE_FAMILY = "1,2";
				TEST_HOST = "$(BUILT_PRODUCTS_DIR)/CP1.app/CP1";
			};
			name = Debug;
		};
		40995FB0272E9F1B000C9868 /* Release */ = {
			isa = XCBuildConfiguration;
			buildSettings = {
				ALWAYS_EMBED_SWIFT_STANDARD_LIBRARIES = YES;
				BUNDLE_LOADER = "$(TEST_HOST)";
				CODE_SIGN_STYLE = Automatic;
				INFOPLIST_FILE = CP1Tests/Info.plist;
				IPHONEOS_DEPLOYMENT_TARGET = 13.2;
				LD_RUNPATH_SEARCH_PATHS = (
					"$(inherited)",
					"@executable_path/Frameworks",
					"@loader_path/Frameworks",
				);
				PRODUCT_BUNDLE_IDENTIFIER = business.CP1Tests;
				PRODUCT_NAME = "$(TARGET_NAME)";
				SWIFT_VERSION = 5.0;
				TARGETED_DEVICE_FAMILY = "1,2";
				TEST_HOST = "$(BUILT_PRODUCTS_DIR)/CP1.app/CP1";
			};
			name = Release;
		};
		40995FB2272E9F1B000C9868 /* Debug */ = {
			isa = XCBuildConfiguration;
			buildSettings = {
				ALWAYS_EMBED_SWIFT_STANDARD_LIBRARIES = YES;
				CODE_SIGN_STYLE = Automatic;
				INFOPLIST_FILE = CP1UITests/Info.plist;
				LD_RUNPATH_SEARCH_PATHS = (
					"$(inherited)",
					"@executable_path/Frameworks",
					"@loader_path/Frameworks",
				);
				PRODUCT_BUNDLE_IDENTIFIER = business.CP1UITests;
				PRODUCT_NAME = "$(TARGET_NAME)";
				SWIFT_VERSION = 5.0;
				TARGETED_DEVICE_FAMILY = "1,2";
				TEST_TARGET_NAME = CP1;
			};
			name = Debug;
		};
		40995FB3272E9F1B000C9868 /* Release */ = {
			isa = XCBuildConfiguration;
			buildSettings = {
				ALWAYS_EMBED_SWIFT_STANDARD_LIBRARIES = YES;
				CODE_SIGN_STYLE = Automatic;
				INFOPLIST_FILE = CP1UITests/Info.plist;
				LD_RUNPATH_SEARCH_PATHS = (
					"$(inherited)",
					"@executable_path/Frameworks",
					"@loader_path/Frameworks",
				);
				PRODUCT_BUNDLE_IDENTIFIER = business.CP1UITests;
				PRODUCT_NAME = "$(TARGET_NAME)";
				SWIFT_VERSION = 5.0;
				TARGETED_DEVICE_FAMILY = "1,2";
				TEST_TARGET_NAME = CP1;
			};
			name = Release;
		};
/* End XCBuildConfiguration section */

/* Begin XCConfigurationList section */
		40995F79272E9F1A000C9868 /* Build configuration list for PBXProject "CP1" */ = {
			isa = XCConfigurationList;
			buildConfigurations = (
				40995FA9272E9F1B000C9868 /* Debug */,
				40995FAA272E9F1B000C9868 /* Release */,
			);
			defaultConfigurationIsVisible = 0;
			defaultConfigurationName = Release;
		};
		40995FAB272E9F1B000C9868 /* Build configuration list for PBXNativeTarget "CP1" */ = {
			isa = XCConfigurationList;
			buildConfigurations = (
				40995FAC272E9F1B000C9868 /* Debug */,
				40995FAD272E9F1B000C9868 /* Release */,
			);
			defaultConfigurationIsVisible = 0;
			defaultConfigurationName = Release;
		};
		40995FAE272E9F1B000C9868 /* Build configuration list for PBXNativeTarget "CP1Tests" */ = {
			isa = XCConfigurationList;
			buildConfigurations = (
				40995FAF272E9F1B000C9868 /* Debug */,
				40995FB0272E9F1B000C9868 /* Release */,
			);
			defaultConfigurationIsVisible = 0;
			defaultConfigurationName = Release;
		};
		40995FB1272E9F1B000C9868 /* Build configuration list for PBXNativeTarget "CP1UITests" */ = {
			isa = XCConfigurationList;
			buildConfigurations = (
				40995FB2272E9F1B000C9868 /* Debug */,
				40995FB3272E9F1B000C9868 /* Release */,
			);
			defaultConfigurationIsVisible = 0;
			defaultConfigurationName = Release;
		};
/* End XCConfigurationList section */

/* Begin XCVersionGroup section */
		40995F8A272E9F1A000C9868 /* CP1.xcdatamodeld */ = {
			isa = XCVersionGroup;
			children = (
				40995F8B272E9F1A000C9868 /* CP1.xcdatamodel */,
			);
			currentVersion = 40995F8B272E9F1A000C9868 /* CP1.xcdatamodel */;
			path = CP1.xcdatamodeld;
			sourceTree = "<group>";
			versionGroupType = wrapper.xcdatamodel;
		};
/* End XCVersionGroup section */
	};
	rootObject = 40995F76272E9F1A000C9868 /* Project object */;
}
